
Microsoft Visual Studio Solution File, Format Version 12.00
# Visual Studio Version 17
VisualStudioVersion = 17.6.33712.159
MinimumVisualStudioVersion = 10.0.40219.1
Project("{FAE04EC0-301F-11D3-BF4B-00C04F79EFBC}") = "ExamApp.Api", "ExamApp.Api\ExamApp.Api.csproj", "{B759C176-01C6-4C5C-84F0-50EC02D87C45}"
EndProject
Global
	GlobalSection(SolutionConfigurationPlatforms) = preSolution
		Debug|Any CPU = Debug|Any CPU
		Release|Any CPU = Release|Any CPU
	EndGlobalSection
	GlobalSection(ProjectConfigurationPlatforms) = postSolution
		{B759C176-01C6-4C5C-84F0-50EC02D87C45}.Debug|Any CPU.ActiveCfg = Debug|Any CPU
		{B759C176-01C6-4C5C-84F0-50EC02D87C45}.Debug|Any CPU.Build.0 = Debug|Any CPU
		{B759C176-01C6-4C5C-84F0-50EC02D87C45}.Release|Any CPU.ActiveCfg = Release|Any CPU
		{B759C176-01C6-4C5C-84F0-50EC02D87C45}.Release|Any CPU.Build.0 = Release|Any CPU
	EndGlobalSection
	GlobalSection(SolutionProperties) = preSolution
		HideSolutionNode = FALSE
	EndGlobalSection
	GlobalSection(ExtensibilityGlobals) = postSolution
		SolutionGuid = {38E8483F-704C-4D15-87AA-774FFEE3AD59}
	EndGlobalSection
EndGlobal
